
Microsoft Visual Studio Solution File, Format Version 12.00
# Visual Studio Version 16
VisualStudioVersion = 16.0.30413.136
MinimumVisualStudioVersion = 10.0.40219.1
Project("{FAE04EC0-301F-11D3-BF4B-00C04F79EFBC}") = "tester", "tester\tester.csproj", "{24240538-50EB-4DD4-A1A1-E42D91161A4A}"
EndProject
Global
	GlobalSection(SolutionConfigurationPlatforms) = preSolution
		Debug|Any CPU = Debug|Any CPU
		Release|Any CPU = Release|Any CPU
	EndGlobalSection
	GlobalSection(ProjectConfigurationPlatforms) = postSolution
		{24240538-50EB-4DD4-A1A1-E42D91161A4A}.Debug|Any CPU.ActiveCfg = Debug|Any CPU
		{24240538-50EB-4DD4-A1A1-E42D91161A4A}.Debug|Any CPU.Build.0 = Debug|Any CPU
		{24240538-50EB-4DD4-A1A1-E42D91161A4A}.Release|Any CPU.ActiveCfg = Release|Any CPU
		{24240538-50EB-4DD4-A1A1-E42D91161A4A}.Release|Any CPU.Build.0 = Release|Any CPU
	EndGlobalSection
	GlobalSection(SolutionProperties) = preSolution
		HideSolutionNode = FALSE
	EndGlobalSection
	GlobalSection(ExtensibilityGlobals) = postSolution
		SolutionGuid = {900162AE-5834-4632-A36A-C80DEB9B8D12}
	EndGlobalSection
EndGlobal
